<?xml version="1.0" encoding="utf-8"?>
<Project ToolsVersion="4.0" xmlns="http://schemas.microsoft.com/developer/msbuild/2003">
  <ItemGroup>
    <Filter Include="Source Files">
      <UniqueIdentifier>{4FC737F1-C7A5-4376-A066-2A32D752A2FF}</UniqueIdentifier>
      <Extensions>cpp;c;cc;cxx;def;odl;idl;hpj;bat;asm;asmx</Extensions>
    </Filter>
    <Filter Include="Header Files">
      <UniqueIdentifier>{93995380-89BD-4b04-88EB-625FBE52EBFB}</UniqueIdentifier>
      <Extensions>h;hpp;hxx;hm;inl;inc;xsd</Extensions>
    </Filter>
    <Filter Include="Resource Files">
      <UniqueIdentifier>{67DA6AB6-F800-4c08-8B7A-83BB121AAD01}</UniqueIdentifier>
      <Extensions>rc;ico;cur;bmp;dlg;rc2;rct;bin;rgs;gif;jpg;jpeg;jpe;resx;tiff;tif;png;wav;mfcribbon-ms</Extensions>
    </Filter>
    <Filter Include="Driver Files">
      <UniqueIdentifier>{8E41214B-6785-4CFE-B992-037D68949A14}</UniqueIdentifier>
      <Extensions>inf;inv;inx;mof;mc;</Extensions>
    </Filter>
    <Filter Include="share">
      <UniqueIdentifier>{c4ae7013-1cb7-4f35-b535-a19cb8ed9af3}</UniqueIdentifier>
    </Filter>
    <Filter Include="share\itf">
      <UniqueIdentifier>{5e6ea2a1-9dca-4c86-ba22-7c23b7d5e8a1}</UniqueIdentifier>
    </Filter>
  </ItemGroup>
  <ItemGroup>
    <None Include="ReadMe.txt" />
  </ItemGroup>
  <ItemGroup>
    <Inf Include="WinIPTCollector.inf">
      <Filter>Driver Files</Filter>
    </Inf>
  </ItemGroup>
  <ItemGroup>
    <ClCompile Include="main.cpp">
      <Filter>Source Files</Filter>
    </ClCompile>
    <ClCompile Include="ARCH.cpp">
      <Filter>Source Files</Filter>
    </ClCompile>
    <ClCompile Include="ConfigMain.cpp">
      <Filter>Source Files</Filter>
    </ClCompile>
    <ClCompile Include="CPTConfiger.cpp">
      <Filter>Source Files</Filter>
    </ClCompile>
    <ClCompile Include="CToPAConstructor.cpp">
      <Filter>Source Files</Filter>
    </ClCompile>
    <ClCompile Include="CNotifierMng.cpp">
      <Filter>Source Files</Filter>
    </ClCompile>
    <ClCompile Include="CNotifier.cpp">
      <Filter>Source Files</Filter>
    </ClCompile>
  </ItemGroup>
  <ItemGroup>
    <ClInclude Include="..\share\itf\ioctl_code.h">
      <Filter>share\itf</Filter>
    </ClInclude>
    <ClInclude Include="..\share\itf\itf.h">
      <Filter>share\itf</Filter>
    </ClInclude>
    <ClInclude Include="ARCH.h">
      <Filter>Header Files</Filter>
    </ClInclude>
    <ClInclude Include="ConfigMain.h">
      <Filter>Header Files</Filter>
    </ClInclude>
    <ClInclude Include="CPTConfiger.h">
      <Filter>Header Files</Filter>
    </ClInclude>
    <ClInclude Include="CToPAConstructor.h">
      <Filter>Header Files</Filter>
    </ClInclude>
    <ClInclude Include="PTDef.h">
      <Filter>Header Files</Filter>
    </ClInclude>
    <ClInclude Include="InnerDataStru.h">
      <Filter>Header Files</Filter>
    </ClInclude>
    <ClInclude Include="CNotifierMng.h">
      <Filter>Header Files</Filter>
    </ClInclude>
    <ClInclude Include="CNotifier.h">
      <Filter>Header Files</Filter>
    </ClInclude>
  </ItemGroup>
</Project>